// !$*UTF8*$!
{
	archiveVersion = 1;
	classes = {
	};
	objectVersion = 77;
	objects = {

/* Begin PBXBuildFile section */
		00F3B438D8E69B5B7E7926F9 /* ChatViewModel.swift in Sources */ = {isa = PBXBuildFile; fileRef = 11F26E67C4D12B29107937C0 /* ChatViewModel.swift */; };
		02E88695B9F57A926FDA77A9 /* Models.swift in Sources */ = {isa = PBXBuildFile; fileRef = AAB118B0699BCBB276837136 /* Models.swift */; };
		0E2976B04E67C28CE7E122EE /* LocalChatIOS.xcodeproj in Resources */ = {isa = PBXBuildFile; fileRef = F2CEA52467AF35847A46CEF6 /* LocalChatIOS.xcodeproj */; };
		4965744D1C8DBEA5AEE40CB9 /* ContentView.swift in Sources */ = {isa = PBXBuildFile; fileRef = 6700985AD71CBC1142D0FB48 /* ContentView.swift */; };
		A35DAE9D62C24D743F514C46 /* ChatWebSocketClient.swift in Sources */ = {isa = PBXBuildFile; fileRef = F56ADC98B74BC6FC0242F154 /* ChatWebSocketClient.swift */; };
		CF20E6C0CED7AF80E8E6A1E0 /* LocalChatIOSApp.swift in Sources */ = {isa = PBXBuildFile; fileRef = B82AB0BEC103E5F991768C28 /* LocalChatIOSApp.swift */; };
/* End PBXBuildFile section */

/* Begin PBXFileReference section */
		11F26E67C4D12B29107937C0 /* ChatViewModel.swift */ = {isa = PBXFileReference; lastKnownFileType = sourcecode.swift; path = ChatViewModel.swift; sourceTree = "<group>"; };
		6700985AD71CBC1142D0FB48 /* ContentView.swift */ = {isa = PBXFileReference; lastKnownFileType = sourcecode.swift; path = ContentView.swift; sourceTree = "<group>"; };
		9F5E9E58E6BEF55EF76BBACA /* LocalChatIOS.app */ = {isa = PBXFileReference; explicitFileType = wrapper.application; includeInIndex = 0; path = LocalChatIOS.app; sourceTree = BUILT_PRODUCTS_DIR; };
		AAB118B0699BCBB276837136 /* Models.swift */ = {isa = PBXFileReference; lastKnownFileType = sourcecode.swift; path = Models.swift; sourceTree = "<group>"; };
		B82AB0BEC103E5F991768C28 /* LocalChatIOSApp.swift */ = {isa = PBXFileReference; lastKnownFileType = sourcecode.swift; path = LocalChatIOSApp.swift; sourceTree = "<group>"; };
		F2CEA52467AF35847A46CEF6 /* LocalChatIOS.xcodeproj */ = {isa = PBXFileReference; lastKnownFileType = "wrapper.pb-project"; path = LocalChatIOS.xcodeproj; sourceTree = "<group>"; };
		F56ADC98B74BC6FC0242F154 /* ChatWebSocketClient.swift */ = {isa = PBXFileReference; lastKnownFileType = sourcecode.swift; path = ChatWebSocketClient.swift; sourceTree = "<group>"; };
/* End PBXFileReference section */

/* Begin PBXGroup section */
		656C2062F5AC0A9A78C4395C = {
			isa = PBXGroup;
			children = (
				AC5BF09CC74E2638CD3C5152 /* LocalChatIOS */,
				7E693B7AD76780159F22BB81 /* Products */,
			);
			sourceTree = "<group>";
		};
		7E693B7AD76780159F22BB81 /* Products */ = {
			isa = PBXGroup;
			children = (
				9F5E9E58E6BEF55EF76BBACA /* LocalChatIOS.app */,
			);
			name = Products;
			sourceTree = "<group>";
		};
		AC5BF09CC74E2638CD3C5152 /* LocalChatIOS */ = {
			isa = PBXGroup;
			children = (
				11F26E67C4D12B29107937C0 /* ChatViewModel.swift */,
				F56ADC98B74BC6FC0242F154 /* ChatWebSocketClient.swift */,
				6700985AD71CBC1142D0FB48 /* ContentView.swift */,
				F2CEA52467AF35847A46CEF6 /* LocalChatIOS.xcodeproj */,
				B82AB0BEC103E5F991768C28 /* LocalChatIOSApp.swift */,
				AAB118B0699BCBB276837136 /* Models.swift */,
			);
			name = LocalChatIOS;
			path = .;
			sourceTree = "<group>";
		};
		ECC78E462F68BDBF005B4E41 /* Products */ = {
			isa = PBXGroup;
			name = Products;
			sourceTree = "<group>";
		};
/* End PBXGroup section */

/* Begin PBXNativeTarget section */
		47A738D2D336A2A551D62587 /* LocalChatIOS */ = {
			isa = PBXNativeTarget;
			buildConfigurationList = 3F168FD8360FD34518BF3FA7 /* Build configuration list for PBXNativeTarget "LocalChatIOS" */;
			buildPhases = (
				3C276EB6588288584E63565B /* Sources */,
				5ECB08F3643691A972393542 /* Resources */,
			);
			buildRules = (
			);
			dependencies = (
			);
			name = LocalChatIOS;
			packageProductDependencies = (
			);
			productName = LocalChatIOS;
			productReference = 9F5E9E58E6BEF55EF76BBACA /* LocalChatIOS.app */;
			productType = "com.apple.product-type.application";
		};
/* End PBXNativeTarget section */

/* Begin PBXProject section */
		421A00D7918B4C957321C37F /* Project object */ = {
			isa = PBXProject;
			attributes = {
				BuildIndependentTargetsInParallel = YES;
				LastUpgradeCheck = 1430;
			};
			buildConfigurationList = 21BD44FA803DA296085F7838 /* Build configuration list for PBXProject "LocalChatIOS" */;
			developmentRegion = en;
			hasScannedForEncodings = 0;
			knownRegions = (
				Base,
				en,
			);
			mainGroup = 656C2062F5AC0A9A78C4395C;
			minimizedProjectReferenceProxies = 1;
			preferredProjectObjectVersion = 77;
			productRefGroup = 7E693B7AD76780159F22BB81 /* Products */;
			projectDirPath = "";
			projectReferences = (
				{
					ProductGroup = ECC78E462F68BDBF005B4E41 /* Products */;
					ProjectRef = F2CEA52467AF35847A46CEF6 /* LocalChatIOS.xcodeproj */;
				},
			);
			projectRoot = "";
			targets = (
				47A738D2D336A2A551D62587 /* LocalChatIOS */,
			);
		};
/* End PBXProject section */

/* Begin PBXResourcesBuildPhase section */
		5ECB08F3643691A972393542 /* Resources */ = {
			isa = PBXResourcesBuildPhase;
			buildActionMask = 2147483647;
			files = (
				0E2976B04E67C28CE7E122EE /* LocalChatIOS.xcodeproj in Resources */,
			);
			runOnlyForDeploymentPostprocessing = 0;
		};
/* End PBXResourcesBuildPhase section */

/* Begin PBXSourcesBuildPhase section */
		3C276EB6588288584E63565B /* Sources */ = {
			isa = PBXSourcesBuildPhase;
			buildActionMask = 2147483647;
			files = (
				00F3B438D8E69B5B7E7926F9 /* ChatViewModel.swift in Sources */,
				A35DAE9D62C24D743F514C46 /* ChatWebSocketClient.swift in Sources */,
				4965744D1C8DBEA5AEE40CB9 /* ContentView.swift in Sources */,
				CF20E6C0CED7AF80E8E6A1E0 /* LocalChatIOSApp.swift in Sources */,
				02E88695B9F57A926FDA77A9 /* Models.swift in Sources */,
			);
			runOnlyForDeploymentPostprocessing = 0;
		};
/* End PBXSourcesBuildPhase section */

/* Begin XCBuildConfiguration section */
		6BC686D37AF1862E70A9F4F0 /* Release */ = {
			isa = XCBuildConfiguration;
			buildSettings = {
				ALWAYS_SEARCH_USER_PATHS = NO;
				CLANG_ANALYZER_NONNULL = YES;
				CLANG_ANALYZER_NUMBER_OBJECT_CONVERSION = YES_AGGRESSIVE;
				CLANG_CXX_LANGUAGE_STANDARD = "gnu++14";
				CLANG_CXX_LIBRARY = "libc++";
				CLANG_ENABLE_MODULES = YES;
				CLANG_ENABLE_OBJC_ARC = YES;
				CLANG_ENABLE_OBJC_WEAK = YES;
				CLANG_WARN_BLOCK_CAPTURE_AUTORELEASING = YES;
				CLANG_WARN_BOOL_CONVERSION = YES;
				CLANG_WARN_COMMA = YES;
				CLANG_WARN_CONSTANT_CONVERSION = YES;
				CLANG_WARN_DEPRECATED_OBJC_IMPLEMENTATIONS = YES;
				CLANG_WARN_DIRECT_OBJC_ISA_USAGE = YES_ERROR;
				CLANG_WARN_DOCUMENTATION_COMMENTS = YES;
				CLANG_WARN_EMPTY_BODY = YES;
				CLANG_WARN_ENUM_CONVERSION = YES;
				CLANG_WARN_INFINITE_RECURSION = YES;
				CLANG_WARN_INT_CONVERSION = YES;
				CLANG_WARN_NON_LITERAL_NULL_CONVERSION = YES;
				CLANG_WARN_OBJC_IMPLICIT_RETAIN_SELF = YES;
				CLANG_WARN_OBJC_LITERAL_CONVERSION = YES;
				CLANG_WARN_OBJC_ROOT_CLASS = YES_ERROR;
				CLANG_WARN_QUOTED_INCLUDE_IN_FRAMEWORK_HEADER = YES;
				CLANG_WARN_RANGE_LOOP_ANALYSIS = YES;
				CLANG_WARN_STRICT_PROTOTYPES = YES;
				CLANG_WARN_SUSPICIOUS_MOVE = YES;
				CLANG_WARN_UNGUARDED_AVAILABILITY = YES_AGGRESSIVE;
				CLANG_WARN_UNREACHABLE_CODE = YES;
				CLANG_WARN__DUPLICATE_METHOD_MATCH = YES;
				COPY_PHASE_STRIP = NO;
				DEBUG_INFORMATION_FORMAT = "dwarf-with-dsym";
				ENABLE_NS_ASSERTIONS = NO;
				ENABLE_STRICT_OBJC_MSGSEND = YES;
				GCC_C_LANGUAGE_STANDARD = gnu11;
				GCC_NO_COMMON_BLOCKS = YES;
				GCC_WARN_64_TO_32_BIT_CONVERSION = YES;
				GCC_WARN_ABOUT_RETURN_TYPE = YES_ERROR;
				GCC_WARN_UNDECLARED_SELECTOR = YES;
				GCC_WARN_UNINITIALIZED_AUTOS = YES_AGGRESSIVE;
				GCC_WARN_UNUSED_FUNCTION = YES;
				GCC_WARN_UNUSED_VARIABLE = YES;
				MTL_ENABLE_DEBUG_INFO = NO;
				MTL_FAST_MATH = YES;
				PRODUCT_NAME = "$(TARGET_NAME)";
				SDKROOT = iphoneos;
				SWIFT_COMPILATION_MODE = wholemodule;
				SWIFT_OPTIMIZATION_LEVEL = "-O";
				SWIFT_VERSION = 5.0;
			};
			name = Release;
		};
		D5A44EE4EB77C57DD31E6454 /* Debug */ = {
			isa = XCBuildConfiguration;
			buildSettings = {
				ASSETCATALOG_COMPILER_APPICON_NAME = AppIcon;
				CODE_SIGN_IDENTITY = "iPhone Developer";
				DEVELOPMENT_TEAM = X9N5CR4RZG;
				GENERATE_INFOPLIST_FILE = YES;
				INFOPLIST_KEY_CFBundleDisplayName = LocalChat;
				INFOPLIST_KEY_NSAppTransportSecurity_NSAllowsArbitraryLoads = YES;
				INFOPLIST_KEY_NSAppTransportSecurity_NSAllowsLocalNetworking = YES;
				INFOPLIST_KEY_NSLocalNetworkUsageDescription = "LocalChat needs access to your local network to connect to the chat server.";
				INFOPLIST_KEY_UIApplicationSceneManifest_Generation = YES;
				INFOPLIST_KEY_UIApplicationSupportsIndirectInputEvents = YES;
				INFOPLIST_KEY_UILaunchScreen_Generation = YES;
				INFOPLIST_KEY_UISupportedInterfaceOrientations_iPhone = "UIInterfaceOrientationPortrait UIInterfaceOrientationLandscapeLeft UIInterfaceOrientationLandscapeRight";
				IPHONEOS_DEPLOYMENT_TARGET = 16.0;
				LD_RUNPATH_SEARCH_PATHS = (
					"$(inherited)",
					"@executable_path/Frameworks",
				);
				PRODUCT_BUNDLE_IDENTIFIER = com.localchat.ios;
				SDKROOT = iphoneos;
				SWIFT_VERSION = 5.0;
				TARGETED_DEVICE_FAMILY = "1,2";
			};
			name = Debug;
		};
		D5F7C0F03148F9E5AF290EE6 /* Release */ = {
			isa = XCBuildConfiguration;
			buildSettings = {
				ASSETCATALOG_COMPILER_APPICON_NAME = AppIcon;
				CODE_SIGN_IDENTITY = "iPhone Developer";
				DEVELOPMENT_TEAM = X9N5CR4RZG;
				GENERATE_INFOPLIST_FILE = YES;
				INFOPLIST_KEY_CFBundleDisplayName = LocalChat;
				INFOPLIST_KEY_NSAppTransportSecurity_NSAllowsArbitraryLoads = YES;
				INFOPLIST_KEY_NSAppTransportSecurity_NSAllowsLocalNetworking = YES;
				INFOPLIST_KEY_NSLocalNetworkUsageDescription = "LocalChat needs access to your local network to connect to the chat server.";
				INFOPLIST_KEY_UIApplicationSceneManifest_Generation = YES;
				INFOPLIST_KEY_UIApplicationSupportsIndirectInputEvents = YES;
				INFOPLIST_KEY_UILaunchScreen_Generation = YES;
				INFOPLIST_KEY_UISupportedInterfaceOrientations_iPhone = "UIInterfaceOrientationPortrait UIInterfaceOrientationLandscapeLeft UIInterfaceOrientationLandscapeRight";
				IPHONEOS_DEPLOYMENT_TARGET = 16.0;
				LD_RUNPATH_SEARCH_PATHS = (
					"$(inherited)",
					"@executable_path/Frameworks",
				);
				PRODUCT_BUNDLE_IDENTIFIER = com.localchat.ios;
				SDKROOT = iphoneos;
				SWIFT_VERSION = 5.0;
				TARGETED_DEVICE_FAMILY = "1,2";
			};
			name = Release;
		};
		FC57F7842BDFE463A5256ED2 /* Debug */ = {
			isa = XCBuildConfiguration;
			buildSettings = {
				ALWAYS_SEARCH_USER_PATHS = NO;
				CLANG_ANALYZER_NONNULL = YES;
				CLANG_ANALYZER_NUMBER_OBJECT_CONVERSION = YES_AGGRESSIVE;
				CLANG_CXX_LANGUAGE_STANDARD = "gnu++14";
				CLANG_CXX_LIBRARY = "libc++";
				CLANG_ENABLE_MODULES = YES;
				CLANG_ENABLE_OBJC_ARC = YES;
				CLANG_ENABLE_OBJC_WEAK = YES;
				CLANG_WARN_BLOCK_CAPTURE_AUTORELEASING = YES;
				CLANG_WARN_BOOL_CONVERSION = YES;
				CLANG_WARN_COMMA = YES;
				CLANG_WARN_CONSTANT_CONVERSION = YES;
				CLANG_WARN_DEPRECATED_OBJC_IMPLEMENTATIONS = YES;
				CLANG_WARN_DIRECT_OBJC_ISA_USAGE = YES_ERROR;
				CLANG_WARN_DOCUMENTATION_COMMENTS = YES;
				CLANG_WARN_EMPTY_BODY = YES;
				CLANG_WARN_ENUM_CONVERSION = YES;
				CLANG_WARN_INFINITE_RECURSION = YES;
				CLANG_WARN_INT_CONVERSION = YES;
				CLANG_WARN_NON_LITERAL_NULL_CONVERSION = YES;
				CLANG_WARN_OBJC_IMPLICIT_RETAIN_SELF = YES;
				CLANG_WARN_OBJC_LITERAL_CONVERSION = YES;
				CLANG_WARN_OBJC_ROOT_CLASS = YES_ERROR;
				CLANG_WARN_QUOTED_INCLUDE_IN_FRAMEWORK_HEADER = YES;
				CLANG_WARN_RANGE_LOOP_ANALYSIS = YES;
				CLANG_WARN_STRICT_PROTOTYPES = YES;
				CLANG_WARN_SUSPICIOUS_MOVE = YES;
				CLANG_WARN_UNGUARDED_AVAILABILITY = YES_AGGRESSIVE;
				CLANG_WARN_UNREACHABLE_CODE = YES;
				CLANG_WARN__DUPLICATE_METHOD_MATCH = YES;
				COPY_PHASE_STRIP = NO;
				DEBUG_INFORMATION_FORMAT = dwarf;
				ENABLE_STRICT_OBJC_MSGSEND = YES;
				ENABLE_TESTABILITY = YES;
				GCC_C_LANGUAGE_STANDARD = gnu11;
				GCC_DYNAMIC_NO_PIC = NO;
				GCC_NO_COMMON_BLOCKS = YES;
				GCC_OPTIMIZATION_LEVEL = 0;
				GCC_PREPROCESSOR_DEFINITIONS = (
					"$(inherited)",
					"DEBUG=1",
				);
				GCC_WARN_64_TO_32_BIT_CONVERSION = YES;
				GCC_WARN_ABOUT_RETURN_TYPE = YES_ERROR;
				GCC_WARN_UNDECLARED_SELECTOR = YES;
				GCC_WARN_UNINITIALIZED_AUTOS = YES_AGGRESSIVE;
				GCC_WARN_UNUSED_FUNCTION = YES;
				GCC_WARN_UNUSED_VARIABLE = YES;
				MTL_ENABLE_DEBUG_INFO = INCLUDE_SOURCE;
				MTL_FAST_MATH = YES;
				ONLY_ACTIVE_ARCH = YES;
				PRODUCT_NAME = "$(TARGET_NAME)";
				SDKROOT = iphoneos;
				SWIFT_ACTIVE_COMPILATION_CONDITIONS = DEBUG;
				SWIFT_OPTIMIZATION_LEVEL = "-Onone";
				SWIFT_VERSION = 5.0;
			};
			name = Debug;
		};
/* End XCBuildConfiguration section */

/* Begin XCConfigurationList section */
		21BD44FA803DA296085F7838 /* Build configuration list for PBXProject "LocalChatIOS" */ = {
			isa = XCConfigurationList;
			buildConfigurations = (
				FC57F7842BDFE463A5256ED2 /* Debug */,
				6BC686D37AF1862E70A9F4F0 /* Release */,
			);
			defaultConfigurationIsVisible = 0;
			defaultConfigurationName = Debug;
		};
		3F168FD8360FD34518BF3FA7 /* Build configuration list for PBXNativeTarget "LocalChatIOS" */ = {
			isa = XCConfigurationList;
			buildConfigurations = (
				D5A44EE4EB77C57DD31E6454 /* Debug */,
				D5F7C0F03148F9E5AF290EE6 /* Release */,
			);
			defaultConfigurationIsVisible = 0;
			defaultConfigurationName = Debug;
		};
/* End XCConfigurationList section */
	};
	rootObject = 421A00D7918B4C957321C37F /* Project object */;
}
